
Microsoft Visual Studio Solution File, Format Version 12.00
# Visual Studio Version 16
VisualStudioVersion = 16.0.31205.134
MinimumVisualStudioVersion = 10.0.40219.1
Project("{FAE04EC0-301F-11D3-BF4B-00C04F79EFBC}") = "WebApplication1", "WebApplication1\WebApplication1.csproj", "{EA078125-A457-4032-ABE2-14DAC1517B95}"
EndProject
Project("{FAE04EC0-301F-11D3-BF4B-00C04F79EFBC}") = "WebApiTesting", "WebApiTesting\WebApiTesting.csproj", "{2CC4CFA0-5842-42BE-9B94-C75E92EC00F2}"
EndProject
Global
	GlobalSection(SolutionConfigurationPlatforms) = preSolution
		Debug|Any CPU = Debug|Any CPU
		Release|Any CPU = Release|Any CPU
	EndGlobalSection
	GlobalSection(ProjectConfigurationPlatforms) = postSolution
		{EA078125-A457-4032-ABE2-14DAC1517B95}.Debug|Any CPU.ActiveCfg = Debug|Any CPU
		{EA078125-A457-4032-ABE2-14DAC1517B95}.Debug|Any CPU.Build.0 = Debug|Any CPU
		{EA078125-A457-4032-ABE2-14DAC1517B95}.Release|Any CPU.ActiveCfg = Release|Any CPU
		{EA078125-A457-4032-ABE2-14DAC1517B95}.Release|Any CPU.Build.0 = Release|Any CPU
		{2CC4CFA0-5842-42BE-9B94-C75E92EC00F2}.Debug|Any CPU.ActiveCfg = Debug|Any CPU
		{2CC4CFA0-5842-42BE-9B94-C75E92EC00F2}.Debug|Any CPU.Build.0 = Debug|Any CPU
		{2CC4CFA0-5842-42BE-9B94-C75E92EC00F2}.Release|Any CPU.ActiveCfg = Release|Any CPU
		{2CC4CFA0-5842-42BE-9B94-C75E92EC00F2}.Release|Any CPU.Build.0 = Release|Any CPU
	EndGlobalSection
	GlobalSection(SolutionProperties) = preSolution
		HideSolutionNode = FALSE
	EndGlobalSection
	GlobalSection(ExtensibilityGlobals) = postSolution
		SolutionGuid = {B2827510-F21F-499A-9D04-11C75D495654}
	EndGlobalSection
EndGlobal
